
Microsoft Visual Studio Solution File, Format Version 12.00
# Visual Studio 15
VisualStudioVersion = 15.0.26730.10
MinimumVisualStudioVersion = 10.0.40219.1
Project("{FAE04EC0-301F-11D3-BF4B-00C04F79EFBC}") = "FileManagement_CoopRel", "FileManagement_CoopRel\FileManagement_CoopRel.csproj", "{13C608FC-23A6-4D75-96A1-91C26D91803D}"
EndProject
Global
	GlobalSection(SolutionConfigurationPlatforms) = preSolution
		Debug|Any CPU = Debug|Any CPU
		Release|Any CPU = Release|Any CPU
	EndGlobalSection
	GlobalSection(ProjectConfigurationPlatforms) = postSolution
		{13C608FC-23A6-4D75-96A1-91C26D91803D}.Debug|Any CPU.ActiveCfg = Debug|Any CPU
		{13C608FC-23A6-4D75-96A1-91C26D91803D}.Debug|Any CPU.Build.0 = Debug|Any CPU
		{13C608FC-23A6-4D75-96A1-91C26D91803D}.Release|Any CPU.ActiveCfg = Release|Any CPU
		{13C608FC-23A6-4D75-96A1-91C26D91803D}.Release|Any CPU.Build.0 = Release|Any CPU
	EndGlobalSection
	GlobalSection(SolutionProperties) = preSolution
		HideSolutionNode = FALSE
	EndGlobalSection
	GlobalSection(ExtensibilityGlobals) = postSolution
		SolutionGuid = {A0B11C97-0820-46B3-81C5-A6725415BD61}
	EndGlobalSection
EndGlobal
